
Microsoft Visual Studio Solution File, Format Version 12.00
# Visual Studio Version 16
VisualStudioVersion = 16.0.31129.286
MinimumVisualStudioVersion = 10.0.40219.1
Project("{FAE04EC0-301F-11D3-BF4B-00C04F79EFBC}") = "QLSach", "QLSach\QLSach.csproj", "{90DD9182-1378-4A25-9445-E20500F196B0}"
EndProject
Global
	GlobalSection(SolutionConfigurationPlatforms) = preSolution
		Debug|Any CPU = Debug|Any CPU
		Release|Any CPU = Release|Any CPU
	EndGlobalSection
	GlobalSection(ProjectConfigurationPlatforms) = postSolution
		{90DD9182-1378-4A25-9445-E20500F196B0}.Debug|Any CPU.ActiveCfg = Debug|Any CPU
		{90DD9182-1378-4A25-9445-E20500F196B0}.Debug|Any CPU.Build.0 = Debug|Any CPU
		{90DD9182-1378-4A25-9445-E20500F196B0}.Release|Any CPU.ActiveCfg = Release|Any CPU
		{90DD9182-1378-4A25-9445-E20500F196B0}.Release|Any CPU.Build.0 = Release|Any CPU
	EndGlobalSection
	GlobalSection(SolutionProperties) = preSolution
		HideSolutionNode = FALSE
	EndGlobalSection
	GlobalSection(ExtensibilityGlobals) = postSolution
		SolutionGuid = {1AA2A75F-1FF2-4F0B-BD6B-A84AD73615A6}
	EndGlobalSection
EndGlobal
